// !$*UTF8*$!
{
	archiveVersion = 1;
	classes = {
	};
	objectVersion = 56;
	objects = {

/* Begin PBXBuildFile section */
		175CDA292D7FA974009E077A /* The_Advance_ToDo_ApplicationApp.swift in Sources */ = {isa = PBXBuildFile; fileRef = 175CDA282D7FA974009E077A /* The_Advance_ToDo_ApplicationApp.swift */; };
		175CDA2B2D7FA974009E077A /* ContentView.swift in Sources */ = {isa = PBXBuildFile; fileRef = 175CDA2A2D7FA974009E077A /* ContentView.swift */; };
		175CDA2D2D7FA975009E077A /* Assets.xcassets in Resources */ = {isa = PBXBuildFile; fileRef = 175CDA2C2D7FA975009E077A /* Assets.xcassets */; };
		175CDA302D7FA975009E077A /* Preview Assets.xcassets in Resources */ = {isa = PBXBuildFile; fileRef = 175CDA2F2D7FA975009E077A /* Preview Assets.xcassets */; };
		175CDA3A2D7FA975009E077A /* The_Advance_ToDo_ApplicationTests.swift in Sources */ = {isa = PBXBuildFile; fileRef = 175CDA392D7FA975009E077A /* The_Advance_ToDo_ApplicationTests.swift */; };
		175CDA442D7FA976009E077A /* The_Advance_ToDo_ApplicationUITests.swift in Sources */ = {isa = PBXBuildFile; fileRef = 175CDA432D7FA976009E077A /* The_Advance_ToDo_ApplicationUITests.swift */; };
		175CDA462D7FA976009E077A /* The_Advance_ToDo_ApplicationUITestsLaunchTests.swift in Sources */ = {isa = PBXBuildFile; fileRef = 175CDA452D7FA976009E077A /* The_Advance_ToDo_ApplicationUITestsLaunchTests.swift */; };
		175CDA542D7FAC06009E077A /* RealmSwift in Frameworks */ = {isa = PBXBuildFile; productRef = 175CDA532D7FAC06009E077A /* RealmSwift */; };
		175CDA562D7FAD4D009E077A /* Task.swift in Sources */ = {isa = PBXBuildFile; fileRef = 175CDA552D7FAD4D009E077A /* Task.swift */; };
/* End PBXBuildFile section */

/* Begin PBXContainerItemProxy section */
		175CDA362D7FA975009E077A /* PBXContainerItemProxy */ = {
			isa = PBXContainerItemProxy;
			containerPortal = 175CDA1D2D7FA974009E077A /* Project object */;
			proxyType = 1;
			remoteGlobalIDString = 175CDA242D7FA974009E077A;
			remoteInfo = The_Advance_ToDo_Application;
		};
		175CDA402D7FA976009E077A /* PBXContainerItemProxy */ = {
			isa = PBXContainerItemProxy;
			containerPortal = 175CDA1D2D7FA974009E077A /* Project object */;
			proxyType = 1;
			remoteGlobalIDString = 175CDA242D7FA974009E077A;
			remoteInfo = The_Advance_ToDo_Application;
		};
/* End PBXContainerItemProxy section */

/* Begin PBXFileReference section */
		175CDA252D7FA974009E077A /* The_Advance_ToDo_Application.app */ = {isa = PBXFileReference; explicitFileType = wrapper.application; includeInIndex = 0; path = The_Advance_ToDo_Application.app; sourceTree = BUILT_PRODUCTS_DIR; };
		175CDA282D7FA974009E077A /* The_Advance_ToDo_ApplicationApp.swift */ = {isa = PBXFileReference; lastKnownFileType = sourcecode.swift; path = The_Advance_ToDo_ApplicationApp.swift; sourceTree = "<group>"; };
		175CDA2A2D7FA974009E077A /* ContentView.swift */ = {isa = PBXFileReference; lastKnownFileType = sourcecode.swift; path = ContentView.swift; sourceTree = "<group>"; };
		175CDA2C2D7FA975009E077A /* Assets.xcassets */ = {isa = PBXFileReference; lastKnownFileType = folder.assetcatalog; path = Assets.xcassets; sourceTree = "<group>"; };
		175CDA2F2D7FA975009E077A /* Preview Assets.xcassets */ = {isa = PBXFileReference; lastKnownFileType = folder.assetcatalog; path = "Preview Assets.xcassets"; sourceTree = "<group>"; };
		175CDA352D7FA975009E077A /* The_Advance_ToDo_ApplicationTests.xctest */ = {isa = PBXFileReference; explicitFileType = wrapper.cfbundle; includeInIndex = 0; path = The_Advance_ToDo_ApplicationTests.xctest; sourceTree = BUILT_PRODUCTS_DIR; };
		175CDA392D7FA975009E077A /* The_Advance_ToDo_ApplicationTests.swift */ = {isa = PBXFileReference; lastKnownFileType = sourcecode.swift; path = The_Advance_ToDo_ApplicationTests.swift; sourceTree = "<group>"; };
		175CDA3F2D7FA976009E077A /* The_Advance_ToDo_ApplicationUITests.xctest */ = {isa = PBXFileReference; explicitFileType = wrapper.cfbundle; includeInIndex = 0; path = The_Advance_ToDo_ApplicationUITests.xctest; sourceTree = BUILT_PRODUCTS_DIR; };
		175CDA432D7FA976009E077A /* The_Advance_ToDo_ApplicationUITests.swift */ = {isa = PBXFileReference; lastKnownFileType = sourcecode.swift; path = The_Advance_ToDo_ApplicationUITests.swift; sourceTree = "<group>"; };
		175CDA452D7FA976009E077A /* The_Advance_ToDo_ApplicationUITestsLaunchTests.swift */ = {isa = PBXFileReference; lastKnownFileType = sourcecode.swift; path = The_Advance_ToDo_ApplicationUITestsLaunchTests.swift; sourceTree = "<group>"; };
		175CDA552D7FAD4D009E077A /* Task.swift */ = {isa = PBXFileReference; lastKnownFileType = sourcecode.swift; path = Task.swift; sourceTree = "<group>"; };
/* End PBXFileReference section */

/* Begin PBXFrameworksBuildPhase section */
		175CDA222D7FA974009E077A /* Frameworks */ = {
			isa = PBXFrameworksBuildPhase;
			buildActionMask = 2147483647;
			files = (
				175CDA542D7FAC06009E077A /* RealmSwift in Frameworks */,
			);
			runOnlyForDeploymentPostprocessing = 0;
		};
		175CDA322D7FA975009E077A /* Frameworks */ = {
			isa = PBXFrameworksBuildPhase;
			buildActionMask = 2147483647;
			files = (
			);
			runOnlyForDeploymentPostprocessing = 0;
		};
		175CDA3C2D7FA976009E077A /* Frameworks */ = {
			isa = PBXFrameworksBuildPhase;
			buildActionMask = 2147483647;
			files = (
			);
			runOnlyForDeploymentPostprocessing = 0;
		};
/* End PBXFrameworksBuildPhase section */

/* Begin PBXGroup section */
		175CDA1C2D7FA974009E077A = {
			isa = PBXGroup;
			children = (
				175CDA552D7FAD4D009E077A /* Task.swift */,
				175CDA272D7FA974009E077A /* The_Advance_ToDo_Application */,
				175CDA382D7FA975009E077A /* The_Advance_ToDo_ApplicationTests */,
				175CDA422D7FA976009E077A /* The_Advance_ToDo_ApplicationUITests */,
				175CDA262D7FA974009E077A /* Products */,
			);
			sourceTree = "<group>";
		};
		175CDA262D7FA974009E077A /* Products */ = {
			isa = PBXGroup;
			children = (
				175CDA252D7FA974009E077A /* The_Advance_ToDo_Application.app */,
				175CDA352D7FA975009E077A /* The_Advance_ToDo_ApplicationTests.xctest */,
				175CDA3F2D7FA976009E077A /* The_Advance_ToDo_ApplicationUITests.xctest */,
			);
			name = Products;
			sourceTree = "<group>";
		};
		175CDA272D7FA974009E077A /* The_Advance_ToDo_Application */ = {
			isa = PBXGroup;
			children = (
				175CDA282D7FA974009E077A /* The_Advance_ToDo_ApplicationApp.swift */,
				175CDA2A2D7FA974009E077A /* ContentView.swift */,
				175CDA2C2D7FA975009E077A /* Assets.xcassets */,
				175CDA2E2D7FA975009E077A /* Preview Content */,
			);
			path = The_Advance_ToDo_Application;
			sourceTree = "<group>";
		};
		175CDA2E2D7FA975009E077A /* Preview Content */ = {
			isa = PBXGroup;
			children = (
				175CDA2F2D7FA975009E077A /* Preview Assets.xcassets */,
			);
			path = "Preview Content";
			sourceTree = "<group>";
		};
		175CDA382D7FA975009E077A /* The_Advance_ToDo_ApplicationTests */ = {
			isa = PBXGroup;
			children = (
				175CDA392D7FA975009E077A /* The_Advance_ToDo_ApplicationTests.swift */,
			);
			path = The_Advance_ToDo_ApplicationTests;
			sourceTree = "<group>";
		};
		175CDA422D7FA976009E077A /* The_Advance_ToDo_ApplicationUITests */ = {
			isa = PBXGroup;
			children = (
				175CDA432D7FA976009E077A /* The_Advance_ToDo_ApplicationUITests.swift */,
				175CDA452D7FA976009E077A /* The_Advance_ToDo_ApplicationUITestsLaunchTests.swift */,
			);
			path = The_Advance_ToDo_ApplicationUITests;
			sourceTree = "<group>";
		};
/* End PBXGroup section */

/* Begin PBXNativeTarget section */
		175CDA242D7FA974009E077A /* The_Advance_ToDo_Application */ = {
			isa = PBXNativeTarget;
			buildConfigurationList = 175CDA492D7FA976009E077A /* Build configuration list for PBXNativeTarget "The_Advance_ToDo_Application" */;
			buildPhases = (
				175CDA212D7FA974009E077A /* Sources */,
				175CDA222D7FA974009E077A /* Frameworks */,
				175CDA232D7FA974009E077A /* Resources */,
			);
			buildRules = (
			);
			dependencies = (
			);
			name = The_Advance_ToDo_Application;
			packageProductDependencies = (
				175CDA532D7FAC06009E077A /* RealmSwift */,
			);
			productName = The_Advance_ToDo_Application;
			productReference = 175CDA252D7FA974009E077A /* The_Advance_ToDo_Application.app */;
			productType = "com.apple.product-type.application";
		};
		175CDA342D7FA975009E077A /* The_Advance_ToDo_ApplicationTests */ = {
			isa = PBXNativeTarget;
			buildConfigurationList = 175CDA4C2D7FA976009E077A /* Build configuration list for PBXNativeTarget "The_Advance_ToDo_ApplicationTests" */;
			buildPhases = (
				175CDA312D7FA975009E077A /* Sources */,
				175CDA322D7FA975009E077A /* Frameworks */,
				175CDA332D7FA975009E077A /* Resources */,
			);
			buildRules = (
			);
			dependencies = (
				175CDA372D7FA975009E077A /* PBXTargetDependency */,
			);
			name = The_Advance_ToDo_ApplicationTests;
			productName = The_Advance_ToDo_ApplicationTests;
			productReference = 175CDA352D7FA975009E077A /* The_Advance_ToDo_ApplicationTests.xctest */;
			productType = "com.apple.product-type.bundle.unit-test";
		};
		175CDA3E2D7FA976009E077A /* The_Advance_ToDo_ApplicationUITests */ = {
			isa = PBXNativeTarget;
			buildConfigurationList = 175CDA4F2D7FA976009E077A /* Build configuration list for PBXNativeTarget "The_Advance_ToDo_ApplicationUITests" */;
			buildPhases = (
				175CDA3B2D7FA976009E077A /* Sources */,
				175CDA3C2D7FA976009E077A /* Frameworks */,
				175CDA3D2D7FA976009E077A /* Resources */,
			);
			buildRules = (
			);
			dependencies = (
				175CDA412D7FA976009E077A /* PBXTargetDependency */,
			);
			name = The_Advance_ToDo_ApplicationUITests;
			productName = The_Advance_ToDo_ApplicationUITests;
			productReference = 175CDA3F2D7FA976009E077A /* The_Advance_ToDo_ApplicationUITests.xctest */;
			productType = "com.apple.product-type.bundle.ui-testing";
		};
/* End PBXNativeTarget section */

/* Begin PBXProject section */
		175CDA1D2D7FA974009E077A /* Project object */ = {
			isa = PBXProject;
			attributes = {
				BuildIndependentTargetsInParallel = 1;
				LastSwiftUpdateCheck = 1540;
				LastUpgradeCheck = 1540;
				TargetAttributes = {
					175CDA242D7FA974009E077A = {
						CreatedOnToolsVersion = 15.4;
					};
					175CDA342D7FA975009E077A = {
						CreatedOnToolsVersion = 15.4;
						TestTargetID = 175CDA242D7FA974009E077A;
					};
					175CDA3E2D7FA976009E077A = {
						CreatedOnToolsVersion = 15.4;
						TestTargetID = 175CDA242D7FA974009E077A;
					};
				};
			};
			buildConfigurationList = 175CDA202D7FA974009E077A /* Build configuration list for PBXProject "The_Advance_ToDo_Application" */;
			compatibilityVersion = "Xcode 14.0";
			developmentRegion = en;
			hasScannedForEncodings = 0;
			knownRegions = (
				en,
				Base,
			);
			mainGroup = 175CDA1C2D7FA974009E077A;
			packageReferences = (
				175CDA522D7FAC06009E077A /* XCRemoteSwiftPackageReference "realm-swift" */,
			);
			productRefGroup = 175CDA262D7FA974009E077A /* Products */;
			projectDirPath = "";
			projectRoot = "";
			targets = (
				175CDA242D7FA974009E077A /* The_Advance_ToDo_Application */,
				175CDA342D7FA975009E077A /* The_Advance_ToDo_ApplicationTests */,
				175CDA3E2D7FA976009E077A /* The_Advance_ToDo_ApplicationUITests */,
			);
		};
/* End PBXProject section */

/* Begin PBXResourcesBuildPhase section */
		175CDA232D7FA974009E077A /* Resources */ = {
			isa = PBXResourcesBuildPhase;
			buildActionMask = 2147483647;
			files = (
				175CDA302D7FA975009E077A /* Preview Assets.xcassets in Resources */,
				175CDA2D2D7FA975009E077A /* Assets.xcassets in Resources */,
			);
			runOnlyForDeploymentPostprocessing = 0;
		};
		175CDA332D7FA975009E077A /* Resources */ = {
			isa = PBXResourcesBuildPhase;
			buildActionMask = 2147483647;
			files = (
			);
			runOnlyForDeploymentPostprocessing = 0;
		};
		175CDA3D2D7FA976009E077A /* Resources */ = {
			isa = PBXResourcesBuildPhase;
			buildActionMask = 2147483647;
			files = (
			);
			runOnlyForDeploymentPostprocessing = 0;
		};
/* End PBXResourcesBuildPhase section */

/* Begin PBXSourcesBuildPhase section */
		175CDA212D7FA974009E077A /* Sources */ = {
			isa = PBXSourcesBuildPhase;
			buildActionMask = 2147483647;
			files = (
				175CDA2B2D7FA974009E077A /* ContentView.swift in Sources */,
				175CDA562D7FAD4D009E077A /* Task.swift in Sources */,
				175CDA292D7FA974009E077A /* The_Advance_ToDo_ApplicationApp.swift in Sources */,
			);
			runOnlyForDeploymentPostprocessing = 0;
		};
		175CDA312D7FA975009E077A /* Sources */ = {
			isa = PBXSourcesBuildPhase;
			buildActionMask = 2147483647;
			files = (
				175CDA3A2D7FA975009E077A /* The_Advance_ToDo_ApplicationTests.swift in Sources */,
			);
			runOnlyForDeploymentPostprocessing = 0;
		};
		175CDA3B2D7FA976009E077A /* Sources */ = {
			isa = PBXSourcesBuildPhase;
			buildActionMask = 2147483647;
			files = (
				175CDA462D7FA976009E077A /* The_Advance_ToDo_ApplicationUITestsLaunchTests.swift in Sources */,
				175CDA442D7FA976009E077A /* The_Advance_ToDo_ApplicationUITests.swift in Sources */,
			);
			runOnlyForDeploymentPostprocessing = 0;
		};
/* End PBXSourcesBuildPhase section */

/* Begin PBXTargetDependency section */
		175CDA372D7FA975009E077A /* PBXTargetDependency */ = {
			isa = PBXTargetDependency;
			target = 175CDA242D7FA974009E077A /* The_Advance_ToDo_Application */;
			targetProxy = 175CDA362D7FA975009E077A /* PBXContainerItemProxy */;
		};
		175CDA412D7FA976009E077A /* PBXTargetDependency */ = {
			isa = PBXTargetDependency;
			target = 175CDA242D7FA974009E077A /* The_Advance_ToDo_Application */;
			targetProxy = 175CDA402D7FA976009E077A /* PBXContainerItemProxy */;
		};
/* End PBXTargetDependency section */

/* Begin XCBuildConfiguration section */
		175CDA472D7FA976009E077A /* Debug */ = {
			isa = XCBuildConfiguration;
			buildSettings = {
				ALWAYS_SEARCH_USER_PATHS = NO;
				ASSETCATALOG_COMPILER_GENERATE_SWIFT_ASSET_SYMBOL_EXTENSIONS = YES;
				CLANG_ANALYZER_NONNULL = YES;
				CLANG_ANALYZER_NUMBER_OBJECT_CONVERSION = YES_AGGRESSIVE;
				CLANG_CXX_LANGUAGE_STANDARD = "gnu++20";
				CLANG_ENABLE_MODULES = YES;
				CLANG_ENABLE_OBJC_ARC = YES;
				CLANG_ENABLE_OBJC_WEAK = YES;
				CLANG_WARN_BLOCK_CAPTURE_AUTORELEASING = YES;
				CLANG_WARN_BOOL_CONVERSION = YES;
				CLANG_WARN_COMMA = YES;
				CLANG_WARN_CONSTANT_CONVERSION = YES;
				CLANG_WARN_DEPRECATED_OBJC_IMPLEMENTATIONS = YES;
				CLANG_WARN_DIRECT_OBJC_ISA_USAGE = YES_ERROR;
				CLANG_WARN_DOCUMENTATION_COMMENTS = YES;
				CLANG_WARN_EMPTY_BODY = YES;
				CLANG_WARN_ENUM_CONVERSION = YES;
				CLANG_WARN_INFINITE_RECURSION = YES;
				CLANG_WARN_INT_CONVERSION = YES;
				CLANG_WARN_NON_LITERAL_NULL_CONVERSION = YES;
				CLANG_WARN_OBJC_IMPLICIT_RETAIN_SELF = YES;
				CLANG_WARN_OBJC_LITERAL_CONVERSION = YES;
				CLANG_WARN_OBJC_ROOT_CLASS = YES_ERROR;
				CLANG_WARN_QUOTED_INCLUDE_IN_FRAMEWORK_HEADER = YES;
				CLANG_WARN_RANGE_LOOP_ANALYSIS = YES;
				CLANG_WARN_STRICT_PROTOTYPES = YES;
				CLANG_WARN_SUSPICIOUS_MOVE = YES;
				CLANG_WARN_UNGUARDED_AVAILABILITY = YES_AGGRESSIVE;
				CLANG_WARN_UNREACHABLE_CODE = YES;
				CLANG_WARN__DUPLICATE_METHOD_MATCH = YES;
				COPY_PHASE_STRIP = NO;
				DEBUG_INFORMATION_FORMAT = dwarf;
				ENABLE_STRICT_OBJC_MSGSEND = YES;
				ENABLE_TESTABILITY = YES;
				ENABLE_USER_SCRIPT_SANDBOXING = YES;
				GCC_C_LANGUAGE_STANDARD = gnu17;
				GCC_DYNAMIC_NO_PIC = NO;
				GCC_NO_COMMON_BLOCKS = YES;
				GCC_OPTIMIZATION_LEVEL = 0;
				GCC_PREPROCESSOR_DEFINITIONS = (
					"DEBUG=1",
					"$(inherited)",
				);
				GCC_WARN_64_TO_32_BIT_CONVERSION = YES;
				GCC_WARN_ABOUT_RETURN_TYPE = YES_ERROR;
				GCC_WARN_UNDECLARED_SELECTOR = YES;
				GCC_WARN_UNINITIALIZED_AUTOS = YES_AGGRESSIVE;
				GCC_WARN_UNUSED_FUNCTION = YES;
				GCC_WARN_UNUSED_VARIABLE = YES;
				IPHONEOS_DEPLOYMENT_TARGET = 17.5;
				LOCALIZATION_PREFERS_STRING_CATALOGS = YES;
				MTL_ENABLE_DEBUG_INFO = INCLUDE_SOURCE;
				MTL_FAST_MATH = YES;
				ONLY_ACTIVE_ARCH = YES;
				SDKROOT = iphoneos;
				SWIFT_ACTIVE_COMPILATION_CONDITIONS = "DEBUG $(inherited)";
				SWIFT_OPTIMIZATION_LEVEL = "-Onone";
			};
			name = Debug;
		};
		175CDA482D7FA976009E077A /* Release */ = {
			isa = XCBuildConfiguration;
			buildSettings = {
				ALWAYS_SEARCH_USER_PATHS = NO;
				ASSETCATALOG_COMPILER_GENERATE_SWIFT_ASSET_SYMBOL_EXTENSIONS = YES;
				CLANG_ANALYZER_NONNULL = YES;
				CLANG_ANALYZER_NUMBER_OBJECT_CONVERSION = YES_AGGRESSIVE;
				CLANG_CXX_LANGUAGE_STANDARD = "gnu++20";
				CLANG_ENABLE_MODULES = YES;
				CLANG_ENABLE_OBJC_ARC = YES;
				CLANG_ENABLE_OBJC_WEAK = YES;
				CLANG_WARN_BLOCK_CAPTURE_AUTORELEASING = YES;
				CLANG_WARN_BOOL_CONVERSION = YES;
				CLANG_WARN_COMMA = YES;
				CLANG_WARN_CONSTANT_CONVERSION = YES;
				CLANG_WARN_DEPRECATED_OBJC_IMPLEMENTATIONS = YES;
				CLANG_WARN_DIRECT_OBJC_ISA_USAGE = YES_ERROR;
				CLANG_WARN_DOCUMENTATION_COMMENTS = YES;
				CLANG_WARN_EMPTY_BODY = YES;
				CLANG_WARN_ENUM_CONVERSION = YES;
				CLANG_WARN_INFINITE_RECURSION = YES;
				CLANG_WARN_INT_CONVERSION = YES;
				CLANG_WARN_NON_LITERAL_NULL_CONVERSION = YES;
				CLANG_WARN_OBJC_IMPLICIT_RETAIN_SELF = YES;
				CLANG_WARN_OBJC_LITERAL_CONVERSION = YES;
				CLANG_WARN_OBJC_ROOT_CLASS = YES_ERROR;
				CLANG_WARN_QUOTED_INCLUDE_IN_FRAMEWORK_HEADER = YES;
				CLANG_WARN_RANGE_LOOP_ANALYSIS = YES;
				CLANG_WARN_STRICT_PROTOTYPES = YES;
				CLANG_WARN_SUSPICIOUS_MOVE = YES;
				CLANG_WARN_UNGUARDED_AVAILABILITY = YES_AGGRESSIVE;
				CLANG_WARN_UNREACHABLE_CODE = YES;
				CLANG_WARN__DUPLICATE_METHOD_MATCH = YES;
				COPY_PHASE_STRIP = NO;
				DEBUG_INFORMATION_FORMAT = "dwarf-with-dsym";
				ENABLE_NS_ASSERTIONS = NO;
				ENABLE_STRICT_OBJC_MSGSEND = YES;
				ENABLE_USER_SCRIPT_SANDBOXING = YES;
				GCC_C_LANGUAGE_STANDARD = gnu17;
				GCC_NO_COMMON_BLOCKS = YES;
				GCC_WARN_64_TO_32_BIT_CONVERSION = YES;
				GCC_WARN_ABOUT_RETURN_TYPE = YES_ERROR;
				GCC_WARN_UNDECLARED_SELECTOR = YES;
				GCC_WARN_UNINITIALIZED_AUTOS = YES_AGGRESSIVE;
				GCC_WARN_UNUSED_FUNCTION = YES;
				GCC_WARN_UNUSED_VARIABLE = YES;
				IPHONEOS_DEPLOYMENT_TARGET = 17.5;
				LOCALIZATION_PREFERS_STRING_CATALOGS = YES;
				MTL_ENABLE_DEBUG_INFO = NO;
				MTL_FAST_MATH = YES;
				SDKROOT = iphoneos;
				SWIFT_COMPILATION_MODE = wholemodule;
				VALIDATE_PRODUCT = YES;
			};
			name = Release;
		};
		175CDA4A2D7FA976009E077A /* Debug */ = {
			isa = XCBuildConfiguration;
			buildSettings = {
				ASSETCATALOG_COMPILER_APPICON_NAME = AppIcon;
				ASSETCATALOG_COMPILER_GLOBAL_ACCENT_COLOR_NAME = AccentColor;
				CODE_SIGN_STYLE = Automatic;
				CURRENT_PROJECT_VERSION = 1;
				DEVELOPMENT_ASSET_PATHS = "\"The_Advance_ToDo_Application/Preview Content\"";
				ENABLE_PREVIEWS = YES;
				GENERATE_INFOPLIST_FILE = YES;
				INFOPLIST_KEY_UIApplicationSceneManifest_Generation = YES;
				INFOPLIST_KEY_UIApplicationSupportsIndirectInputEvents = YES;
				INFOPLIST_KEY_UILaunchScreen_Generation = YES;
				INFOPLIST_KEY_UISupportedInterfaceOrientations_iPad = "UIInterfaceOrientationPortrait UIInterfaceOrientationPortraitUpsideDown UIInterfaceOrientationLandscapeLeft UIInterfaceOrientationLandscapeRight";
				INFOPLIST_KEY_UISupportedInterfaceOrientations_iPhone = "UIInterfaceOrientationPortrait UIInterfaceOrientationLandscapeLeft UIInterfaceOrientationLandscapeRight";
				LD_RUNPATH_SEARCH_PATHS = (
					"$(inherited)",
					"@executable_path/Frameworks",
				);
				MARKETING_VERSION = 1.0;
				PRODUCT_BUNDLE_IDENTIFIER = "gbc.FatimaArab.comp3097.The-Advance-ToDo-Application";
				PRODUCT_NAME = "$(TARGET_NAME)";
				SWIFT_EMIT_LOC_STRINGS = YES;
				SWIFT_VERSION = 5.0;
				TARGETED_DEVICE_FAMILY = "1,2";
			};
			name = Debug;
		};
		175CDA4B2D7FA976009E077A /* Release */ = {
			isa = XCBuildConfiguration;
			buildSettings = {
				ASSETCATALOG_COMPILER_APPICON_NAME = AppIcon;
				ASSETCATALOG_COMPILER_GLOBAL_ACCENT_COLOR_NAME = AccentColor;
				CODE_SIGN_STYLE = Automatic;
				CURRENT_PROJECT_VERSION = 1;
				DEVELOPMENT_ASSET_PATHS = "\"The_Advance_ToDo_Application/Preview Content\"";
				ENABLE_PREVIEWS = YES;
				GENERATE_INFOPLIST_FILE = YES;
				INFOPLIST_KEY_UIApplicationSceneManifest_Generation = YES;
				INFOPLIST_KEY_UIApplicationSupportsIndirectInputEvents = YES;
				INFOPLIST_KEY_UILaunchScreen_Generation = YES;
				INFOPLIST_KEY_UISupportedInterfaceOrientations_iPad = "UIInterfaceOrientationPortrait UIInterfaceOrientationPortraitUpsideDown UIInterfaceOrientationLandscapeLeft UIInterfaceOrientationLandscapeRight";
				INFOPLIST_KEY_UISupportedInterfaceOrientations_iPhone = "UIInterfaceOrientationPortrait UIInterfaceOrientationLandscapeLeft UIInterfaceOrientationLandscapeRight";
				LD_RUNPATH_SEARCH_PATHS = (
					"$(inherited)",
					"@executable_path/Frameworks",
				);
				MARKETING_VERSION = 1.0;
				PRODUCT_BUNDLE_IDENTIFIER = "gbc.FatimaArab.comp3097.The-Advance-ToDo-Application";
				PRODUCT_NAME = "$(TARGET_NAME)";
				SWIFT_EMIT_LOC_STRINGS = YES;
				SWIFT_VERSION = 5.0;
				TARGETED_DEVICE_FAMILY = "1,2";
			};
			name = Release;
		};
		175CDA4D2D7FA976009E077A /* Debug */ = {
			isa = XCBuildConfiguration;
			buildSettings = {
				ALWAYS_EMBED_SWIFT_STANDARD_LIBRARIES = YES;
				BUNDLE_LOADER = "$(TEST_HOST)";
				CODE_SIGN_STYLE = Automatic;
				CURRENT_PROJECT_VERSION = 1;
				GENERATE_INFOPLIST_FILE = YES;
				IPHONEOS_DEPLOYMENT_TARGET = 17.5;
				MARKETING_VERSION = 1.0;
				PRODUCT_BUNDLE_IDENTIFIER = "gbc.FatimaArab.comp3097.The-Advance-ToDo-ApplicationTests";
				PRODUCT_NAME = "$(TARGET_NAME)";
				SWIFT_EMIT_LOC_STRINGS = NO;
				SWIFT_VERSION = 5.0;
				TARGETED_DEVICE_FAMILY = "1,2";
				TEST_HOST = "$(BUILT_PRODUCTS_DIR)/The_Advance_ToDo_Application.app/$(BUNDLE_EXECUTABLE_FOLDER_PATH)/The_Advance_ToDo_Application";
			};
			name = Debug;
		};
		175CDA4E2D7FA976009E077A /* Release */ = {
			isa = XCBuildConfiguration;
			buildSettings = {
				ALWAYS_EMBED_SWIFT_STANDARD_LIBRARIES = YES;
				BUNDLE_LOADER = "$(TEST_HOST)";
				CODE_SIGN_STYLE = Automatic;
				CURRENT_PROJECT_VERSION = 1;
				GENERATE_INFOPLIST_FILE = YES;
				IPHONEOS_DEPLOYMENT_TARGET = 17.5;
				MARKETING_VERSION = 1.0;
				PRODUCT_BUNDLE_IDENTIFIER = "gbc.FatimaArab.comp3097.The-Advance-ToDo-ApplicationTests";
				PRODUCT_NAME = "$(TARGET_NAME)";
				SWIFT_EMIT_LOC_STRINGS = NO;
				SWIFT_VERSION = 5.0;
				TARGETED_DEVICE_FAMILY = "1,2";
				TEST_HOST = "$(BUILT_PRODUCTS_DIR)/The_Advance_ToDo_Application.app/$(BUNDLE_EXECUTABLE_FOLDER_PATH)/The_Advance_ToDo_Application";
			};
			name = Release;
		};
		175CDA502D7FA976009E077A /* Debug */ = {
			isa = XCBuildConfiguration;
			buildSettings = {
				ALWAYS_EMBED_SWIFT_STANDARD_LIBRARIES = YES;
				CODE_SIGN_STYLE = Automatic;
				CURRENT_PROJECT_VERSION = 1;
				GENERATE_INFOPLIST_FILE = YES;
				MARKETING_VERSION = 1.0;
				PRODUCT_BUNDLE_IDENTIFIER = "gbc.FatimaArab.comp3097.The-Advance-ToDo-ApplicationUITests";
				PRODUCT_NAME = "$(TARGET_NAME)";
				SWIFT_EMIT_LOC_STRINGS = NO;
				SWIFT_VERSION = 5.0;
				TARGETED_DEVICE_FAMILY = "1,2";
				TEST_TARGET_NAME = The_Advance_ToDo_Application;
			};
			name = Debug;
		};
		175CDA512D7FA976009E077A /* Release */ = {
			isa = XCBuildConfiguration;
			buildSettings = {
				ALWAYS_EMBED_SWIFT_STANDARD_LIBRARIES = YES;
				CODE_SIGN_STYLE = Automatic;
				CURRENT_PROJECT_VERSION = 1;
				GENERATE_INFOPLIST_FILE = YES;
				MARKETING_VERSION = 1.0;
				PRODUCT_BUNDLE_IDENTIFIER = "gbc.FatimaArab.comp3097.The-Advance-ToDo-ApplicationUITests";
				PRODUCT_NAME = "$(TARGET_NAME)";
				SWIFT_EMIT_LOC_STRINGS = NO;
				SWIFT_VERSION = 5.0;
				TARGETED_DEVICE_FAMILY = "1,2";
				TEST_TARGET_NAME = The_Advance_ToDo_Application;
			};
			name = Release;
		};
/* End XCBuildConfiguration section */

/* Begin XCConfigurationList section */
		175CDA202D7FA974009E077A /* Build configuration list for PBXProject "The_Advance_ToDo_Application" */ = {
			isa = XCConfigurationList;
			buildConfigurations = (
				175CDA472D7FA976009E077A /* Debug */,
				175CDA482D7FA976009E077A /* Release */,
			);
			defaultConfigurationIsVisible = 0;
			defaultConfigurationName = Release;
		};
		175CDA492D7FA976009E077A /* Build configuration list for PBXNativeTarget "The_Advance_ToDo_Application" */ = {
			isa = XCConfigurationList;
			buildConfigurations = (
				175CDA4A2D7FA976009E077A /* Debug */,
				175CDA4B2D7FA976009E077A /* Release */,
			);
			defaultConfigurationIsVisible = 0;
			defaultConfigurationName = Release;
		};
		175CDA4C2D7FA976009E077A /* Build configuration list for PBXNativeTarget "The_Advance_ToDo_ApplicationTests" */ = {
			isa = XCConfigurationList;
			buildConfigurations = (
				175CDA4D2D7FA976009E077A /* Debug */,
				175CDA4E2D7FA976009E077A /* Release */,
			);
			defaultConfigurationIsVisible = 0;
			defaultConfigurationName = Release;
		};
		175CDA4F2D7FA976009E077A /* Build configuration list for PBXNativeTarget "The_Advance_ToDo_ApplicationUITests" */ = {
			isa = XCConfigurationList;
			buildConfigurations = (
				175CDA502D7FA976009E077A /* Debug */,
				175CDA512D7FA976009E077A /* Release */,
			);
			defaultConfigurationIsVisible = 0;
			defaultConfigurationName = Release;
		};
/* End XCConfigurationList section */

/* Begin XCRemoteSwiftPackageReference section */
		175CDA522D7FAC06009E077A /* XCRemoteSwiftPackageReference "realm-swift" */ = {
			isa = XCRemoteSwiftPackageReference;
			repositoryURL = "https://github.com/realm/realm-swift";
			requirement = {
				branch = master;
				kind = branch;
			};
		};
/* End XCRemoteSwiftPackageReference section */

/* Begin XCSwiftPackageProductDependency section */
		175CDA532D7FAC06009E077A /* RealmSwift */ = {
			isa = XCSwiftPackageProductDependency;
			package = 175CDA522D7FAC06009E077A /* XCRemoteSwiftPackageReference "realm-swift" */;
			productName = RealmSwift;
		};
/* End XCSwiftPackageProductDependency section */
	};
	rootObject = 175CDA1D2D7FA974009E077A /* Project object */;
}
